
Microsoft Visual Studio Solution File, Format Version 12.00
# Visual Studio Version 16
VisualStudioVersion = 16.0.29728.190
MinimumVisualStudioVersion = 10.0.40219.1
Project("{FAE04EC0-301F-11D3-BF4B-00C04F79EFBC}") = "Phase01", "Phase01\Phase01.csproj", "{D3DB7E9A-CC7A-471B-A8F3-BB6D2861251F}"
EndProject
Project("{FAE04EC0-301F-11D3-BF4B-00C04F79EFBC}") = "MyCartographyObj", "MyCartographyObj\MyCartographyObj.csproj", "{C199EB9C-3F08-4E24-8C85-73F693FE421B}"
EndProject
Project("{FAE04EC0-301F-11D3-BF4B-00C04F79EFBC}") = "PersonalMap Manager", "PersonalMap Manager\PersonalMap Manager.csproj", "{BA3139CE-887F-4FA1-82FE-1AD56B4186EE}"
EndProject
Global
	GlobalSection(SolutionConfigurationPlatforms) = preSolution
		Debug|Any CPU = Debug|Any CPU
		Release|Any CPU = Release|Any CPU
	EndGlobalSection
	GlobalSection(ProjectConfigurationPlatforms) = postSolution
		{D3DB7E9A-CC7A-471B-A8F3-BB6D2861251F}.Debug|Any CPU.ActiveCfg = Debug|Any CPU
		{D3DB7E9A-CC7A-471B-A8F3-BB6D2861251F}.Debug|Any CPU.Build.0 = Debug|Any CPU
		{D3DB7E9A-CC7A-471B-A8F3-BB6D2861251F}.Release|Any CPU.ActiveCfg = Release|Any CPU
		{D3DB7E9A-CC7A-471B-A8F3-BB6D2861251F}.Release|Any CPU.Build.0 = Release|Any CPU
		{C199EB9C-3F08-4E24-8C85-73F693FE421B}.Debug|Any CPU.ActiveCfg = Debug|Any CPU
		{C199EB9C-3F08-4E24-8C85-73F693FE421B}.Debug|Any CPU.Build.0 = Debug|Any CPU
		{C199EB9C-3F08-4E24-8C85-73F693FE421B}.Release|Any CPU.ActiveCfg = Release|Any CPU
		{C199EB9C-3F08-4E24-8C85-73F693FE421B}.Release|Any CPU.Build.0 = Release|Any CPU
		{BA3139CE-887F-4FA1-82FE-1AD56B4186EE}.Debug|Any CPU.ActiveCfg = Debug|Any CPU
		{BA3139CE-887F-4FA1-82FE-1AD56B4186EE}.Debug|Any CPU.Build.0 = Debug|Any CPU
		{BA3139CE-887F-4FA1-82FE-1AD56B4186EE}.Release|Any CPU.ActiveCfg = Release|Any CPU
		{BA3139CE-887F-4FA1-82FE-1AD56B4186EE}.Release|Any CPU.Build.0 = Release|Any CPU
	EndGlobalSection
	GlobalSection(SolutionProperties) = preSolution
		HideSolutionNode = FALSE
	EndGlobalSection
	GlobalSection(ExtensibilityGlobals) = postSolution
		SolutionGuid = {832F14D1-5C74-4D37-AF1E-B73BBA5BAC3F}
	EndGlobalSection
EndGlobal
